
Microsoft Visual Studio Solution File, Format Version 12.00
# Visual Studio Version 17
VisualStudioVersion = 17.11.35327.3
MinimumVisualStudioVersion = 10.0.40219.1
Project("{FAE04EC0-301F-11D3-BF4B-00C04F79EFBC}") = "AutomationTest", "AutomationTest.csproj", "{EF61DA24-FB25-444B-915D-75DF0D68F2F6}"
EndProject
Global
	GlobalSection(SolutionConfigurationPlatforms) = preSolution
		Debug|Any CPU = Debug|Any CPU
		Release|Any CPU = Release|Any CPU
	EndGlobalSection
	GlobalSection(ProjectConfigurationPlatforms) = postSolution
		{EF61DA24-FB25-444B-915D-75DF0D68F2F6}.Debug|Any CPU.ActiveCfg = Debug|Any CPU
		{EF61DA24-FB25-444B-915D-75DF0D68F2F6}.Debug|Any CPU.Build.0 = Debug|Any CPU
		{EF61DA24-FB25-444B-915D-75DF0D68F2F6}.Release|Any CPU.ActiveCfg = Release|Any CPU
		{EF61DA24-FB25-444B-915D-75DF0D68F2F6}.Release|Any CPU.Build.0 = Release|Any CPU
	EndGlobalSection
	GlobalSection(SolutionProperties) = preSolution
		HideSolutionNode = FALSE
	EndGlobalSection
	GlobalSection(ExtensibilityGlobals) = postSolution
		SolutionGuid = {1241BC3F-F93F-47E0-8C74-2ABBB2F81EA1}
	EndGlobalSection
EndGlobal
